{
  "name": "fixture",
  "lockfileVersion": 3,
  "packages": {
    "": {
      "name": "fixture",
      "dependencies": {
        "pg": "8.23.0",
        "postgres": "3.4.0"
      }
    },
    "node_modules/pg": {
      "version": "8.23.0"
    },
    "node_modules/postgres": {
      "version": "3.4.0"
    }
  }
}
