{
  "name": "fixture",
  "lockfileVersion": 3,
  "packages": {
    "": {
      "name": "fixture",
      "dependencies": {
        "pg": "8.23.0"
      }
    },
    "node_modules/pg": {
      "version": "8.23.0"
    },
    "node_modules/pg-pool": {
      "version": "3.14.0"
    },
    "node_modules/pg-cloudflare": {
      "version": "1.4.0",
      "optional": true
    }
  }
}
